
Microsoft Visual Studio Solution File, Format Version 12.00
# Visual Studio Version 16
VisualStudioVersion = 16.0.29209.62
MinimumVisualStudioVersion = 10.0.40219.1
Project("{FAE04EC0-301F-11D3-BF4B-00C04F79EFBC}") = "MortgageApplication", "MortgageApplication\MortgageApplication.csproj", "{9368B078-75F1-4578-A8B4-508852F198EA}"
EndProject
Project("{FAE04EC0-301F-11D3-BF4B-00C04F79EFBC}") = "BusinessLogic", "BusinessLogic\BusinessLogic.csproj", "{A1013F55-445C-41EF-954A-DCC8D6CD4CD9}"
EndProject
Project("{FAE04EC0-301F-11D3-BF4B-00C04F79EFBC}") = "Models", "Models\Models.csproj", "{1F3E9863-BB42-4CC4-9D9D-5F02B5574EB8}"
EndProject
Global
	GlobalSection(SolutionConfigurationPlatforms) = preSolution
		Debug|Any CPU = Debug|Any CPU
		Release|Any CPU = Release|Any CPU
	EndGlobalSection
	GlobalSection(ProjectConfigurationPlatforms) = postSolution
		{9368B078-75F1-4578-A8B4-508852F198EA}.Debug|Any CPU.ActiveCfg = Debug|Any CPU
		{9368B078-75F1-4578-A8B4-508852F198EA}.Debug|Any CPU.Build.0 = Debug|Any CPU
		{9368B078-75F1-4578-A8B4-508852F198EA}.Release|Any CPU.ActiveCfg = Release|Any CPU
		{9368B078-75F1-4578-A8B4-508852F198EA}.Release|Any CPU.Build.0 = Release|Any CPU
		{A1013F55-445C-41EF-954A-DCC8D6CD4CD9}.Debug|Any CPU.ActiveCfg = Debug|Any CPU
		{A1013F55-445C-41EF-954A-DCC8D6CD4CD9}.Debug|Any CPU.Build.0 = Debug|Any CPU
		{A1013F55-445C-41EF-954A-DCC8D6CD4CD9}.Release|Any CPU.ActiveCfg = Release|Any CPU
		{A1013F55-445C-41EF-954A-DCC8D6CD4CD9}.Release|Any CPU.Build.0 = Release|Any CPU
		{1F3E9863-BB42-4CC4-9D9D-5F02B5574EB8}.Debug|Any CPU.ActiveCfg = Debug|Any CPU
		{1F3E9863-BB42-4CC4-9D9D-5F02B5574EB8}.Debug|Any CPU.Build.0 = Debug|Any CPU
		{1F3E9863-BB42-4CC4-9D9D-5F02B5574EB8}.Release|Any CPU.ActiveCfg = Release|Any CPU
		{1F3E9863-BB42-4CC4-9D9D-5F02B5574EB8}.Release|Any CPU.Build.0 = Release|Any CPU
	EndGlobalSection
	GlobalSection(SolutionProperties) = preSolution
		HideSolutionNode = FALSE
	EndGlobalSection
	GlobalSection(ExtensibilityGlobals) = postSolution
		SolutionGuid = {9EEBCE84-B765-411B-A83F-D52C4FE59BC9}
	EndGlobalSection
EndGlobal
