
Microsoft Visual Studio Solution File, Format Version 12.00
# Visual Studio Version 16
VisualStudioVersion = 16.0.29209.62
MinimumVisualStudioVersion = 10.0.40219.1
Project("{9A19103F-16F7-4668-BE54-9A1E7A4F7556}") = "MortgageApplication", "MortgageApplication\MortgageApplication.csproj", "{5FB95C35-759E-4E0D-A89A-85E9FF708DED}"
EndProject
Project("{9A19103F-16F7-4668-BE54-9A1E7A4F7556}") = "Models", "..\MortgageAPI\Models\Models.csproj", "{F979D72F-26A8-4071-A81F-C0C4E932C9B8}"
EndProject
Global
	GlobalSection(SolutionConfigurationPlatforms) = preSolution
		Debug|Any CPU = Debug|Any CPU
		Release|Any CPU = Release|Any CPU
	EndGlobalSection
	GlobalSection(ProjectConfigurationPlatforms) = postSolution
		{5FB95C35-759E-4E0D-A89A-85E9FF708DED}.Debug|Any CPU.ActiveCfg = Debug|Any CPU
		{5FB95C35-759E-4E0D-A89A-85E9FF708DED}.Debug|Any CPU.Build.0 = Debug|Any CPU
		{5FB95C35-759E-4E0D-A89A-85E9FF708DED}.Release|Any CPU.ActiveCfg = Release|Any CPU
		{5FB95C35-759E-4E0D-A89A-85E9FF708DED}.Release|Any CPU.Build.0 = Release|Any CPU
		{F979D72F-26A8-4071-A81F-C0C4E932C9B8}.Debug|Any CPU.ActiveCfg = Debug|Any CPU
		{F979D72F-26A8-4071-A81F-C0C4E932C9B8}.Debug|Any CPU.Build.0 = Debug|Any CPU
		{F979D72F-26A8-4071-A81F-C0C4E932C9B8}.Release|Any CPU.ActiveCfg = Release|Any CPU
		{F979D72F-26A8-4071-A81F-C0C4E932C9B8}.Release|Any CPU.Build.0 = Release|Any CPU
	EndGlobalSection
	GlobalSection(SolutionProperties) = preSolution
		HideSolutionNode = FALSE
	EndGlobalSection
	GlobalSection(ExtensibilityGlobals) = postSolution
		SolutionGuid = {CBD87504-996C-4D8F-ADA7-4F4029F5768C}
	EndGlobalSection
EndGlobal
